
Microsoft Visual Studio Solution File, Format Version 12.00
# Visual Studio Version 16
VisualStudioVersion = 16.0.29728.190
MinimumVisualStudioVersion = 10.0.40219.1
Project("{FAE04EC0-301F-11D3-BF4B-00C04F79EFBC}") = "WebApiBasics", "WebApiBasics.csproj", "{10CBC51F-9043-47A9-8AF1-E7AD8D594FAC}"
EndProject
Global
	GlobalSection(SolutionConfigurationPlatforms) = preSolution
		Debug|Any CPU = Debug|Any CPU
		Release|Any CPU = Release|Any CPU
	EndGlobalSection
	GlobalSection(ProjectConfigurationPlatforms) = postSolution
		{10CBC51F-9043-47A9-8AF1-E7AD8D594FAC}.Debug|Any CPU.ActiveCfg = Debug|Any CPU
		{10CBC51F-9043-47A9-8AF1-E7AD8D594FAC}.Debug|Any CPU.Build.0 = Debug|Any CPU
		{10CBC51F-9043-47A9-8AF1-E7AD8D594FAC}.Release|Any CPU.ActiveCfg = Release|Any CPU
		{10CBC51F-9043-47A9-8AF1-E7AD8D594FAC}.Release|Any CPU.Build.0 = Release|Any CPU
	EndGlobalSection
	GlobalSection(SolutionProperties) = preSolution
		HideSolutionNode = FALSE
	EndGlobalSection
	GlobalSection(ExtensibilityGlobals) = postSolution
		SolutionGuid = {A47E08F1-A393-40F7-B5DD-3CC3747563DF}
	EndGlobalSection
EndGlobal
